<Solution>
  <Project Path="IMIP.Tochu.Application/IMIP.Tochu.Application.csproj" />
  <Project Path="IMIP.Tochu.Domain/IMIP.Tochu.Domain.csproj" />
  <Project Path="IMIP.Tochu.Infrastructure/IMIP.Tochu.Infrastructure.csproj" />
  <Project Path="IMIP.Tochu.Shared/IMIP.Tochu.Shared.csproj" />
  <Project Path="IMIP.Tochu.UI/IMIP.Tochu.UI.csproj" />
  <Project Path="IMIP.Tochu.WPF/IMIP.Tochu.WPF.csproj" Id="df056d8d-ea52-43ad-bfde-61230e6caabe" />
</Solution>
