<Solution>
  <Project Path="IMIP.Tochu.Core/IMIP.Tochu.Core.csproj" Id="e84be1c4-151b-4127-bb8d-3b8f1b8054ef" />
  <Project Path="IMIP.Tochu.Domain/IMIP.Tochu.Domain.csproj" />
  <Project Path="IMIP.Tochu.Infrastructure/IMIP.Tochu.Infrastructure.csproj" />
  <Project Path="IMIP.Tochu.Shared/IMIP.Tochu.Shared.csproj" />
  <Project Path="IMIP.Tochu.UI/IMIP.Tochu.UI.csproj" />
  <Project Path="IMIP.Tochu.WPF/IMIP.Tochu.WPF.csproj" Id="df056d8d-ea52-43ad-bfde-61230e6caabe" />
</Solution>
